<?xml version="1.0" encoding="utf-8"?>
<Project ToolsVersion="4.0" xmlns="http://schemas.microsoft.com/developer/msbuild/2003">
  <ItemGroup>
    <Filter Include="ソース ファイル">
      <UniqueIdentifier>{4FC737F1-C7A5-4376-A066-2A32D752A2FF}</UniqueIdentifier>
      <Extensions>cpp;c;cc;cxx;c++;cppm;ixx;def;odl;idl;hpj;bat;asm;asmx</Extensions>
    </Filter>
    <Filter Include="ヘッダー ファイル">
      <UniqueIdentifier>{93995380-89BD-4b04-88EB-625FBE52EBFB}</UniqueIdentifier>
      <Extensions>h;hh;hpp;hxx;h++;hm;inl;inc;ipp;xsd</Extensions>
    </Filter>
    <Filter Include="リソース ファイル">
      <UniqueIdentifier>{67DA6AB6-F800-4c08-8B7A-83BB121AAD01}</UniqueIdentifier>
      <Extensions>rc;ico;cur;bmp;dlg;rc2;rct;bin;rgs;gif;jpg;jpeg;jpe;resx;tiff;tif;png;wav;mfcribbon-ms</Extensions>
    </Filter>
    <Filter Include="TinyUniDx">
      <UniqueIdentifier>{7ce62872-2fa7-4a4e-9546-ebfc2367843c}</UniqueIdentifier>
    </Filter>
    <Filter Include="DirectXTK">
      <UniqueIdentifier>{84e7f487-abcb-4e5c-9c96-de7ca964eb1c}</UniqueIdentifier>
    </Filter>
  </ItemGroup>
  <ItemGroup>
    <ClInclude Include="framework.h">
      <Filter>ヘッダー ファイル</Filter>
    </ClInclude>
    <ClInclude Include="targetver.h">
      <Filter>ヘッダー ファイル</Filter>
    </ClInclude>
    <ClInclude Include="Resource.h">
      <Filter>ヘッダー ファイル</Filter>
    </ClInclude>
    <ClInclude Include="CPP3.h">
      <Filter>ヘッダー ファイル</Filter>
    </ClInclude>
    <ClInclude Include="..\TinyUniDx\include\Shader.h">
      <Filter>TinyUniDx</Filter>
    </ClInclude>
    <ClInclude Include="..\TinyUniDx\include\D3DManager.h">
      <Filter>TinyUniDx</Filter>
    </ClInclude>
    <ClInclude Include="..\TinyUniDx\include\Input.h">
      <Filter>TinyUniDx</Filter>
    </ClInclude>
    <ClInclude Include="..\external\DirectXTK\Inc\Audio.h">
      <Filter>DirectXTK</Filter>
    </ClInclude>
    <ClInclude Include="..\external\DirectXTK\Inc\BufferHelpers.h">
      <Filter>DirectXTK</Filter>
    </ClInclude>
    <ClInclude Include="..\external\DirectXTK\Inc\CommonStates.h">
      <Filter>DirectXTK</Filter>
    </ClInclude>
    <ClInclude Include="..\external\DirectXTK\Inc\DDSTextureLoader.h">
      <Filter>DirectXTK</Filter>
    </ClInclude>
    <ClInclude Include="..\external\DirectXTK\Inc\DirectXHelpers.h">
      <Filter>DirectXTK</Filter>
    </ClInclude>
    <ClInclude Include="..\external\DirectXTK\Inc\Effects.h">
      <Filter>DirectXTK</Filter>
    </ClInclude>
    <ClInclude Include="..\external\DirectXTK\Inc\GamePad.h">
      <Filter>DirectXTK</Filter>
    </ClInclude>
    <ClInclude Include="..\external\DirectXTK\Inc\GeometricPrimitive.h">
      <Filter>DirectXTK</Filter>
    </ClInclude>
    <ClInclude Include="..\external\DirectXTK\Inc\GraphicsMemory.h">
      <Filter>DirectXTK</Filter>
    </ClInclude>
    <ClInclude Include="..\external\DirectXTK\Inc\Keyboard.h">
      <Filter>DirectXTK</Filter>
    </ClInclude>
    <ClInclude Include="..\external\DirectXTK\Inc\Model.h">
      <Filter>DirectXTK</Filter>
    </ClInclude>
    <ClInclude Include="..\external\DirectXTK\Inc\Mouse.h">
      <Filter>DirectXTK</Filter>
    </ClInclude>
    <ClInclude Include="..\external\DirectXTK\Inc\PostProcess.h">
      <Filter>DirectXTK</Filter>
    </ClInclude>
    <ClInclude Include="..\external\DirectXTK\Inc\PrimitiveBatch.h">
      <Filter>DirectXTK</Filter>
    </ClInclude>
    <ClInclude Include="..\external\DirectXTK\Inc\ScreenGrab.h">
      <Filter>DirectXTK</Filter>
    </ClInclude>
    <ClInclude Include="..\external\DirectXTK\Inc\SimpleMath.h">
      <Filter>DirectXTK</Filter>
    </ClInclude>
    <ClInclude Include="..\external\DirectXTK\Inc\SpriteBatch.h">
      <Filter>DirectXTK</Filter>
    </ClInclude>
    <ClInclude Include="..\external\DirectXTK\Inc\SpriteFont.h">
      <Filter>DirectXTK</Filter>
    </ClInclude>
    <ClInclude Include="..\external\DirectXTK\Inc\VertexTypes.h">
      <Filter>DirectXTK</Filter>
    </ClInclude>
    <ClInclude Include="..\external\DirectXTK\Inc\WICTextureLoader.h">
      <Filter>DirectXTK</Filter>
    </ClInclude>
    <ClInclude Include="..\external\DirectXTK\Inc\XboxDDSTextureLoader.h">
      <Filter>DirectXTK</Filter>
    </ClInclude>
  </ItemGroup>
  <ItemGroup>
    <ClCompile Include="CPP3.cpp">
      <Filter>ソース ファイル</Filter>
    </ClCompile>
    <ClCompile Include="..\TinyUniDx\src\D3DManager.cpp">
      <Filter>TinyUniDx</Filter>
    </ClCompile>
    <ClCompile Include="..\TinyUniDx\src\Input.cpp">
      <Filter>TinyUniDx</Filter>
    </ClCompile>
    <ClCompile Include="..\TinyUniDx\src\Shader.cpp">
      <Filter>TinyUniDx</Filter>
    </ClCompile>
  </ItemGroup>
  <ItemGroup>
    <ResourceCompile Include="CPP3.rc">
      <Filter>リソース ファイル</Filter>
    </ResourceCompile>
  </ItemGroup>
  <ItemGroup>
    <Image Include="small.ico">
      <Filter>リソース ファイル</Filter>
    </Image>
    <Image Include="CPP3.ico">
      <Filter>リソース ファイル</Filter>
    </Image>
  </ItemGroup>
  <ItemGroup>
    <FxCompile Include="SpriteShader.hlsl" />
  </ItemGroup>
  <ItemGroup>
    <None Include="..\external\DirectXTK\Inc\SimpleMath.inl">
      <Filter>DirectXTK</Filter>
    </None>
    <None Include="M PLUS 1.spritefont" />
  </ItemGroup>
</Project>